
Microsoft Visual Studio Solution File, Format Version 12.00
# Visual Studio Version 17
VisualStudioVersion = 17.11.35312.102
MinimumVisualStudioVersion = 10.0.40219.1
Project("{FAE04EC0-301F-11D3-BF4B-00C04F79EFBC}") = "KZ2.3", "KZ2.3\KZ2.3.csproj", "{1AAF8E6C-B5DA-42F6-92FD-841AA66F215D}"
EndProject
Global
	GlobalSection(SolutionConfigurationPlatforms) = preSolution
		Debug|Any CPU = Debug|Any CPU
		Release|Any CPU = Release|Any CPU
	EndGlobalSection
	GlobalSection(ProjectConfigurationPlatforms) = postSolution
		{1AAF8E6C-B5DA-42F6-92FD-841AA66F215D}.Debug|Any CPU.ActiveCfg = Debug|Any CPU
		{1AAF8E6C-B5DA-42F6-92FD-841AA66F215D}.Debug|Any CPU.Build.0 = Debug|Any CPU
		{1AAF8E6C-B5DA-42F6-92FD-841AA66F215D}.Release|Any CPU.ActiveCfg = Release|Any CPU
		{1AAF8E6C-B5DA-42F6-92FD-841AA66F215D}.Release|Any CPU.Build.0 = Release|Any CPU
	EndGlobalSection
	GlobalSection(SolutionProperties) = preSolution
		HideSolutionNode = FALSE
	EndGlobalSection
	GlobalSection(ExtensibilityGlobals) = postSolution
		SolutionGuid = {DF8272E4-8354-4941-AAB9-450858644CBC}
	EndGlobalSection
EndGlobal
