
Microsoft Visual Studio Solution File, Format Version 12.00
# Visual Studio Version 17
VisualStudioVersion = 17.11.35312.102
MinimumVisualStudioVersion = 10.0.40219.1
Project("{9A19103F-16F7-4668-BE54-9A1E7A4F7556}") = "KZ7.1", "KZ7.1\KZ7.1.csproj", "{38254E46-2787-4E05-A031-B6E4A7CBE9AC}"
EndProject
Project("{FAE04EC0-301F-11D3-BF4B-00C04F79EFBC}") = "Test", "Test\Test.csproj", "{CC120A21-A756-4894-BBF0-426418B1A33D}"
EndProject
Global
	GlobalSection(SolutionConfigurationPlatforms) = preSolution
		Debug|Any CPU = Debug|Any CPU
		Release|Any CPU = Release|Any CPU
	EndGlobalSection
	GlobalSection(ProjectConfigurationPlatforms) = postSolution
		{38254E46-2787-4E05-A031-B6E4A7CBE9AC}.Debug|Any CPU.ActiveCfg = Debug|Any CPU
		{38254E46-2787-4E05-A031-B6E4A7CBE9AC}.Debug|Any CPU.Build.0 = Debug|Any CPU
		{38254E46-2787-4E05-A031-B6E4A7CBE9AC}.Release|Any CPU.ActiveCfg = Release|Any CPU
		{38254E46-2787-4E05-A031-B6E4A7CBE9AC}.Release|Any CPU.Build.0 = Release|Any CPU
		{CC120A21-A756-4894-BBF0-426418B1A33D}.Debug|Any CPU.ActiveCfg = Debug|Any CPU
		{CC120A21-A756-4894-BBF0-426418B1A33D}.Debug|Any CPU.Build.0 = Debug|Any CPU
		{CC120A21-A756-4894-BBF0-426418B1A33D}.Release|Any CPU.ActiveCfg = Release|Any CPU
		{CC120A21-A756-4894-BBF0-426418B1A33D}.Release|Any CPU.Build.0 = Release|Any CPU
	EndGlobalSection
	GlobalSection(SolutionProperties) = preSolution
		HideSolutionNode = FALSE
	EndGlobalSection
	GlobalSection(ExtensibilityGlobals) = postSolution
		SolutionGuid = {109E9D36-FBA7-4CE0-9E96-53CC39706BD7}
	EndGlobalSection
EndGlobal
